Microsoft Visual Studio Solution File, Format Version 12.00
Project("{FAE04EC0-301F-11D3-BF4B-00C04F79EFBC}") = "Homework2", "Homework2\Homework2.csproj", "{677E6273-144A-403B-B559-28B9959A6165}"
EndProject
Project("{FAE04EC0-301F-11D3-BF4B-00C04F79EFBC}") = "Homework5", "Homework5\Homework5.csproj", "{E169849D-70C5-4581-A6ED-D2E4DE6FA4D1}"
EndProject
Project("{FAE04EC0-301F-11D3-BF4B-00C04F79EFBC}") = "Homework6", "Homework6\Homework6.csproj", "{A739C701-EE4F-4C6B-A957-C1F5456D1F95}"
EndProject
Project("{FAE04EC0-301F-11D3-BF4B-00C04F79EFBC}") = "Homework7", "Homework7\Homework7.csproj", "{738B1389-1E23-4008-BCBB-9019060144CD}"
EndProject
Project("{FAE04EC0-301F-11D3-BF4B-00C04F79EFBC}") = "Homework8", "Homework8\Homework8.csproj", "{C8BC2237-A549-4E06-9CBC-DB750070C0FD}"
EndProject
Project("{FAE04EC0-301F-11D3-BF4B-00C04F79EFBC}") = "Homework9", "Homework9\Homework9.csproj", "{7DD4AD17-CC0D-4B7E-9E44-154AC95A6E84}"
EndProject
Global
	GlobalSection(SolutionConfigurationPlatforms) = preSolution
		Debug|Any CPU = Debug|Any CPU
		Release|Any CPU = Release|Any CPU
	EndGlobalSection
	GlobalSection(ProjectConfigurationPlatforms) = postSolution
		{677E6273-144A-403B-B559-28B9959A6165}.Debug|Any CPU.ActiveCfg = Debug|Any CPU
		{677E6273-144A-403B-B559-28B9959A6165}.Debug|Any CPU.Build.0 = Debug|Any CPU
		{677E6273-144A-403B-B559-28B9959A6165}.Release|Any CPU.ActiveCfg = Release|Any CPU
		{677E6273-144A-403B-B559-28B9959A6165}.Release|Any CPU.Build.0 = Release|Any CPU
		{E169849D-70C5-4581-A6ED-D2E4DE6FA4D1}.Debug|Any CPU.ActiveCfg = Debug|Any CPU
		{E169849D-70C5-4581-A6ED-D2E4DE6FA4D1}.Debug|Any CPU.Build.0 = Debug|Any CPU
		{E169849D-70C5-4581-A6ED-D2E4DE6FA4D1}.Release|Any CPU.ActiveCfg = Release|Any CPU
		{E169849D-70C5-4581-A6ED-D2E4DE6FA4D1}.Release|Any CPU.Build.0 = Release|Any CPU
		{A739C701-EE4F-4C6B-A957-C1F5456D1F95}.Debug|Any CPU.ActiveCfg = Debug|Any CPU
		{A739C701-EE4F-4C6B-A957-C1F5456D1F95}.Debug|Any CPU.Build.0 = Debug|Any CPU
		{A739C701-EE4F-4C6B-A957-C1F5456D1F95}.Release|Any CPU.ActiveCfg = Release|Any CPU
		{A739C701-EE4F-4C6B-A957-C1F5456D1F95}.Release|Any CPU.Build.0 = Release|Any CPU
		{738B1389-1E23-4008-BCBB-9019060144CD}.Debug|Any CPU.ActiveCfg = Debug|Any CPU
		{738B1389-1E23-4008-BCBB-9019060144CD}.Debug|Any CPU.Build.0 = Debug|Any CPU
		{738B1389-1E23-4008-BCBB-9019060144CD}.Release|Any CPU.ActiveCfg = Release|Any CPU
		{738B1389-1E23-4008-BCBB-9019060144CD}.Release|Any CPU.Build.0 = Release|Any CPU
		{C8BC2237-A549-4E06-9CBC-DB750070C0FD}.Debug|Any CPU.ActiveCfg = Debug|Any CPU
		{C8BC2237-A549-4E06-9CBC-DB750070C0FD}.Debug|Any CPU.Build.0 = Debug|Any CPU
		{C8BC2237-A549-4E06-9CBC-DB750070C0FD}.Release|Any CPU.ActiveCfg = Release|Any CPU
		{C8BC2237-A549-4E06-9CBC-DB750070C0FD}.Release|Any CPU.Build.0 = Release|Any CPU
		{7DD4AD17-CC0D-4B7E-9E44-154AC95A6E84}.Debug|Any CPU.ActiveCfg = Debug|Any CPU
		{7DD4AD17-CC0D-4B7E-9E44-154AC95A6E84}.Debug|Any CPU.Build.0 = Debug|Any CPU
		{7DD4AD17-CC0D-4B7E-9E44-154AC95A6E84}.Release|Any CPU.ActiveCfg = Release|Any CPU
		{7DD4AD17-CC0D-4B7E-9E44-154AC95A6E84}.Release|Any CPU.Build.0 = Release|Any CPU
	EndGlobalSection
EndGlobal
